
Microsoft Visual Studio Solution File, Format Version 12.00
# Visual Studio Version 16
VisualStudioVersion = 16.0.30204.135
MinimumVisualStudioVersion = 10.0.40219.1
Project("{2150E333-8FDC-42A3-9474-1A3956D46DE8}") = "Solution Items", "Solution Items", "{D0F92072-0B82-4ECF-B327-846E1944F804}"
	ProjectSection(SolutionItems) = preProject
		.gitignore = .gitignore
		license.txt = license.txt
		README.md = README.md
		.editorconfig = .editorconfig
		.gitattributes = .gitattributes
		global.json = global.json
		Directory.Packages.props = Directory.Packages.props
		Directory.Build.props = Directory.Build.props
		nuget.config = nuget.config
		version.json = version.json
	EndProjectSection
EndProject
Project("{2150E333-8FDC-42A3-9474-1A3956D46DE8}") = ".github", ".github", "{2B2EB379-64E3-47AE-B473-B9FFCD1F9E84}"
EndProject
Project("{2150E333-8FDC-42A3-9474-1A3956D46DE8}") = "workflows", "workflows", "{C7E4BF25-A888-40E1-828A-9293594B2848}"
	ProjectSection(SolutionItems) = preProject
		.github\workflows\dotnet.yml = .github\workflows\dotnet.yml
	EndProjectSection
EndProject
Project("{2150E333-8FDC-42A3-9474-1A3956D46DE8}") = "Source Code", "Source Code", "{79FF3FC1-EC2C-42AD-BA9A-14331F8BBE3B}"
	ProjectSection(SolutionItems) = preProject
		src\Directory.Build.props = src\Directory.Build.props
	EndProjectSection
EndProject
Project("{FAE04EC0-301F-11D3-BF4B-00C04F79EFBC}") = "ParallelExtensionsExtras.NetFxStandard", "src\ParallelExtensionsExtras.NetFxStandard\ParallelExtensionsExtras.NetFxStandard.csproj", "{A430DA9B-F8C6-45E2-B953-3BBA94FEC706}"
EndProject
Project("{FAE04EC0-301F-11D3-BF4B-00C04F79EFBC}") = "ParallelExtensionsExtras.NetFxStandard.Windows", "src\ParallelExtensionsExtras.NetFxStandard.Windows\ParallelExtensionsExtras.NetFxStandard.Windows.csproj", "{3237347E-4C80-495B-91EC-251912BB25B3}"
EndProject
Project("{FAE04EC0-301F-11D3-BF4B-00C04F79EFBC}") = "ParallelExtensionsExtras.NetFxStandard.Drawing", "src\ParallelExtensionsExtras.NetFxStandard.Drawing\ParallelExtensionsExtras.NetFxStandard.Drawing.csproj", "{DE3FB50D-3538-46AC-8088-68CF6469A6CE}"
EndProject
Global
	GlobalSection(SolutionConfigurationPlatforms) = preSolution
		Debug|Any CPU = Debug|Any CPU
		Release|Any CPU = Release|Any CPU
	EndGlobalSection
	GlobalSection(ProjectConfigurationPlatforms) = postSolution
		{A430DA9B-F8C6-45E2-B953-3BBA94FEC706}.Debug|Any CPU.ActiveCfg = Debug|Any CPU
		{A430DA9B-F8C6-45E2-B953-3BBA94FEC706}.Debug|Any CPU.Build.0 = Debug|Any CPU
		{A430DA9B-F8C6-45E2-B953-3BBA94FEC706}.Release|Any CPU.ActiveCfg = Release|Any CPU
		{A430DA9B-F8C6-45E2-B953-3BBA94FEC706}.Release|Any CPU.Build.0 = Release|Any CPU
		{3237347E-4C80-495B-91EC-251912BB25B3}.Debug|Any CPU.ActiveCfg = Debug|Any CPU
		{3237347E-4C80-495B-91EC-251912BB25B3}.Debug|Any CPU.Build.0 = Debug|Any CPU
		{3237347E-4C80-495B-91EC-251912BB25B3}.Release|Any CPU.ActiveCfg = Release|Any CPU
		{3237347E-4C80-495B-91EC-251912BB25B3}.Release|Any CPU.Build.0 = Release|Any CPU
		{DE3FB50D-3538-46AC-8088-68CF6469A6CE}.Debug|Any CPU.ActiveCfg = Debug|Any CPU
		{DE3FB50D-3538-46AC-8088-68CF6469A6CE}.Debug|Any CPU.Build.0 = Debug|Any CPU
		{DE3FB50D-3538-46AC-8088-68CF6469A6CE}.Release|Any CPU.ActiveCfg = Release|Any CPU
		{DE3FB50D-3538-46AC-8088-68CF6469A6CE}.Release|Any CPU.Build.0 = Release|Any CPU
	EndGlobalSection
	GlobalSection(SolutionProperties) = preSolution
		HideSolutionNode = FALSE
	EndGlobalSection
	GlobalSection(ExtensibilityGlobals) = postSolution
		SolutionGuid = {F90E47F0-8841-48C2-BA7E-5BFA10FC1C5A}
	EndGlobalSection
	GlobalSection(NestedProjects) = preSolution
		{2B2EB379-64E3-47AE-B473-B9FFCD1F9E84} = {D0F92072-0B82-4ECF-B327-846E1944F804}
		{C7E4BF25-A888-40E1-828A-9293594B2848} = {2B2EB379-64E3-47AE-B473-B9FFCD1F9E84}
		{A430DA9B-F8C6-45E2-B953-3BBA94FEC706} = {79FF3FC1-EC2C-42AD-BA9A-14331F8BBE3B}
		{3237347E-4C80-495B-91EC-251912BB25B3} = {79FF3FC1-EC2C-42AD-BA9A-14331F8BBE3B}
		{DE3FB50D-3538-46AC-8088-68CF6469A6CE} = {79FF3FC1-EC2C-42AD-BA9A-14331F8BBE3B}
	EndGlobalSection
EndGlobal
