
Microsoft Visual Studio Solution File, Format Version 12.00
# Visual Studio Version 16
VisualStudioVersion = 16.0.30204.135
MinimumVisualStudioVersion = 10.0.40219.1
Project("{9A19103F-16F7-4668-BE54-9A1E7A4F7556}") = "ParallelExtensionsExtras", "ParallelExtensionsExtras.csproj", "{A430DA9B-F8C6-45E2-B953-3BBA94FEC706}"
EndProject
Global
	GlobalSection(SolutionConfigurationPlatforms) = preSolution
		Debug|Any CPU = Debug|Any CPU
		Release|Any CPU = Release|Any CPU
	EndGlobalSection
	GlobalSection(ProjectConfigurationPlatforms) = postSolution
		{A430DA9B-F8C6-45E2-B953-3BBA94FEC706}.Debug|Any CPU.ActiveCfg = Debug|Any CPU
		{A430DA9B-F8C6-45E2-B953-3BBA94FEC706}.Debug|Any CPU.Build.0 = Debug|Any CPU
		{A430DA9B-F8C6-45E2-B953-3BBA94FEC706}.Release|Any CPU.ActiveCfg = Release|Any CPU
		{A430DA9B-F8C6-45E2-B953-3BBA94FEC706}.Release|Any CPU.Build.0 = Release|Any CPU
	EndGlobalSection
	GlobalSection(SolutionProperties) = preSolution
		HideSolutionNode = FALSE
	EndGlobalSection
	GlobalSection(ExtensibilityGlobals) = postSolution
		SolutionGuid = {F90E47F0-8841-48C2-BA7E-5BFA10FC1C5A}
	EndGlobalSection
EndGlobal
